<?xml version="1.0" encoding="utf-8"?>
<Project ToolsVersion="4.0" xmlns="http://schemas.microsoft.com/developer/msbuild/2003">
  <ItemGroup>
    <ClInclude Include="ContentsCore.h" />
    <ClInclude Include="TitleLevel.h">
      <Filter>Levels</Filter>
    </ClInclude>
    <ClInclude Include="PlayLevel.h">
      <Filter>Levels</Filter>
    </ClInclude>
    <ClInclude Include="Player.h">
      <Filter>Object</Filter>
    </ClInclude>
    <ClInclude Include="PrecompileHeader.h" />
    <ClInclude Include="Forest.h">
      <Filter>BackGround\Town</Filter>
    </ClInclude>
    <ClInclude Include="Mountain.h">
      <Filter>BackGround\Town</Filter>
    </ClInclude>
    <ClInclude Include="Sky.h">
      <Filter>BackGround\Town</Filter>
    </ClInclude>
    <ClInclude Include="Town.h">
      <Filter>BackGround\Town</Filter>
    </ClInclude>
    <ClInclude Include="FrontCloud.h">
      <Filter>BackGround\Title</Filter>
    </ClInclude>
    <ClInclude Include="BackCloud.h">
      <Filter>BackGround\Title</Filter>
    </ClInclude>
    <ClInclude Include="MainLogo.h">
      <Filter>BackGround\Title</Filter>
    </ClInclude>
    <ClInclude Include="StartButton.h">
      <Filter>BackGround\Title\ButtonUI</Filter>
    </ClInclude>
    <ClInclude Include="SoundButton.h">
      <Filter>BackGround\Title\ButtonUI</Filter>
    </ClInclude>
    <ClInclude Include="EndButton.h">
      <Filter>BackGround\Title\ButtonUI</Filter>
    </ClInclude>
    <ClInclude Include="MidCloud.h">
      <Filter>BackGround\Title</Filter>
    </ClInclude>
  </ItemGroup>
  <ItemGroup>
    <ClCompile Include="ContentsCore.cpp" />
    <ClCompile Include="TitleLevel.cpp">
      <Filter>Levels</Filter>
    </ClCompile>
    <ClCompile Include="PlayLevel.cpp">
      <Filter>Levels</Filter>
    </ClCompile>
    <ClCompile Include="Player.cpp">
      <Filter>Object</Filter>
    </ClCompile>
    <ClCompile Include="PrecompileHeader.cpp" />
    <ClCompile Include="Forest.cpp">
      <Filter>BackGround\Town</Filter>
    </ClCompile>
    <ClCompile Include="Mountain.cpp">
      <Filter>BackGround\Town</Filter>
    </ClCompile>
    <ClCompile Include="Sky.cpp">
      <Filter>BackGround\Town</Filter>
    </ClCompile>
    <ClCompile Include="Town.cpp">
      <Filter>BackGround\Town</Filter>
    </ClCompile>
    <ClCompile Include="FrontCloud.cpp">
      <Filter>BackGround\Title</Filter>
    </ClCompile>
    <ClCompile Include="BackCloud.cpp">
      <Filter>BackGround\Title</Filter>
    </ClCompile>
    <ClCompile Include="MainLogo.cpp">
      <Filter>BackGround\Title</Filter>
    </ClCompile>
    <ClCompile Include="StartButton.cpp">
      <Filter>BackGround\Title\ButtonUI</Filter>
    </ClCompile>
    <ClCompile Include="SoundButton.cpp">
      <Filter>BackGround\Title\ButtonUI</Filter>
    </ClCompile>
    <ClCompile Include="EndButton.cpp">
      <Filter>BackGround\Title\ButtonUI</Filter>
    </ClCompile>
    <ClCompile Include="MidCloud.cpp">
      <Filter>BackGround\Title</Filter>
    </ClCompile>
  </ItemGroup>
  <ItemGroup>
    <Filter Include="Levels">
      <UniqueIdentifier>{3d17108a-64cc-412c-add8-c9f82f90c9e4}</UniqueIdentifier>
    </Filter>
    <Filter Include="Object">
      <UniqueIdentifier>{df11f953-5c45-4952-85fb-a35bec5d2a60}</UniqueIdentifier>
    </Filter>
    <Filter Include="BackGround">
      <UniqueIdentifier>{4be67c3d-f968-4287-9008-174c889fc9bf}</UniqueIdentifier>
    </Filter>
    <Filter Include="BackGround\Title">
      <UniqueIdentifier>{c6bec758-f0e5-4192-8d18-ca59c24c02ca}</UniqueIdentifier>
    </Filter>
    <Filter Include="BackGround\Town">
      <UniqueIdentifier>{4c306d38-7512-421e-9710-bb04c2bdbc43}</UniqueIdentifier>
    </Filter>
    <Filter Include="BackGround\Title\ButtonUI">
      <UniqueIdentifier>{e08ebb49-23ac-4acc-befb-ca67fe667ec1}</UniqueIdentifier>
    </Filter>
  </ItemGroup>
</Project>