<?xml version="1.0" encoding="utf-8"?>
<Project ToolsVersion="4.0" xmlns="http://schemas.microsoft.com/developer/msbuild/2003">
  <ItemGroup>
    <ClInclude Include="ContentsCore.h" />
    <ClInclude Include="TitleLevel.h">
      <Filter>Levels</Filter>
    </ClInclude>
    <ClInclude Include="PlayLevel.h">
      <Filter>Levels</Filter>
    </ClInclude>
    <ClInclude Include="PrecompileHeader.h" />
    <ClInclude Include="StartButton.h">
      <Filter>Map\Title\ButtonUI</Filter>
    </ClInclude>
    <ClInclude Include="SoundButton.h">
      <Filter>Map\Title\ButtonUI</Filter>
    </ClInclude>
    <ClInclude Include="EndButton.h">
      <Filter>Map\Title\ButtonUI</Filter>
    </ClInclude>
    <ClInclude Include="Sky.h">
      <Filter>Map\Town\BackGround</Filter>
    </ClInclude>
    <ClInclude Include="Forest.h">
      <Filter>Map\Town\BackGround</Filter>
    </ClInclude>
    <ClInclude Include="Mountain.h">
      <Filter>Map\Town\BackGround</Filter>
    </ClInclude>
    <ClInclude Include="Player.h">
      <Filter>Object\MainPlayer</Filter>
    </ClInclude>
    <ClInclude Include="Logo.h">
      <Filter>Map\Title\ButtonUI</Filter>
    </ClInclude>
    <ClInclude Include="Stage_1.h">
      <Filter>Map\DunGeon\Stage1</Filter>
    </ClInclude>
    <ClInclude Include="ContentsEnums.h" />
    <ClInclude Include="Stage_2.h">
      <Filter>Map\DunGeon\Stage1</Filter>
    </ClInclude>
    <ClInclude Include="Stage_3.h">
      <Filter>Map\DunGeon\Stage1</Filter>
    </ClInclude>
    <ClInclude Include="Stage_4.h">
      <Filter>Map\DunGeon\Stage1</Filter>
    </ClInclude>
    <ClInclude Include="BossStage_1.h">
      <Filter>Map\DunGeon\Stage1</Filter>
    </ClInclude>
    <ClInclude Include="Stage2_1.h">
      <Filter>Map\DunGeon\Stage2</Filter>
    </ClInclude>
    <ClInclude Include="Stage2_Boss.h">
      <Filter>Map\DunGeon\Stage2</Filter>
    </ClInclude>
    <ClInclude Include="Stage2_Layout_1.h">
      <Filter>Map\DunGeon\Stage2\Stage2BG</Filter>
    </ClInclude>
    <ClInclude Include="Stage2_Layout_2.h">
      <Filter>Map\DunGeon\Stage2\Stage2BG</Filter>
    </ClInclude>
    <ClInclude Include="Stage3_1.h">
      <Filter>Map\DunGeon\Stage3</Filter>
    </ClInclude>
    <ClInclude Include="Stage3_Boss.h">
      <Filter>Map\DunGeon\Stage3</Filter>
    </ClInclude>
    <ClInclude Include="Stage3_BG_1.h">
      <Filter>Map\DunGeon\Stage3\Stage3_BG</Filter>
    </ClInclude>
    <ClInclude Include="Stage3_BG_2.h">
      <Filter>Map\DunGeon\Stage3\Stage3_BG</Filter>
    </ClInclude>
    <ClInclude Include="Stage3_BG_3.h">
      <Filter>Map\DunGeon\Stage3\Stage3_BG</Filter>
    </ClInclude>
    <ClInclude Include="Stage3_BG_4.h">
      <Filter>Map\DunGeon\Stage3\Stage3_BG</Filter>
    </ClInclude>
    <ClInclude Include="Stage2_Layout_3.h">
      <Filter>Map\DunGeon\Stage2\Stage2BG</Filter>
    </ClInclude>
    <ClInclude Include="Stage2_Layout_4.h">
      <Filter>Map\DunGeon\Stage2\Stage2BG</Filter>
    </ClInclude>
    <ClInclude Include="Town.h">
      <Filter>Map\Town</Filter>
    </ClInclude>
    <ClInclude Include="BackCloud.h">
      <Filter>Map\Title\Cloud</Filter>
    </ClInclude>
    <ClInclude Include="FrontCloud.h">
      <Filter>Map\Title\Cloud</Filter>
    </ClInclude>
    <ClInclude Include="MainLogo.h">
      <Filter>Map\Title\Cloud</Filter>
    </ClInclude>
    <ClInclude Include="MidCloud.h">
      <Filter>Map\Title\Cloud</Filter>
    </ClInclude>
    <ClInclude Include="Bird.h">
      <Filter>Map\Title\Bird</Filter>
    </ClInclude>
    <ClInclude Include="PlayStartWindow.h">
      <Filter>Map\Title\TitleActor</Filter>
    </ClInclude>
    <ClInclude Include="PlayerStat.h">
      <Filter>Object\UI\Stat</Filter>
    </ClInclude>
    <ClInclude Include="MapTabUI.h">
      <Filter>Object\UI\MapTab</Filter>
    </ClInclude>
    <ClInclude Include="TitleMouse.h">
      <Filter>Object\UI\MouseCusor</Filter>
    </ClInclude>
    <ClInclude Include="PlayMouse.h">
      <Filter>Object\UI\MouseCusor</Filter>
    </ClInclude>
    <ClInclude Include="InventoryUI.h">
      <Filter>Object\UI\Inventory</Filter>
    </ClInclude>
    <ClInclude Include="ShopNpc.h">
      <Filter>Object\Npc</Filter>
    </ClInclude>
    <ClInclude Include="BuilderNpc.h">
      <Filter>Object\Npc</Filter>
    </ClInclude>
    <ClInclude Include="CommanderNpc.h">
      <Filter>Object\Npc</Filter>
    </ClInclude>
    <ClInclude Include="TempleNpc.h">
      <Filter>Object\Npc</Filter>
    </ClInclude>
    <ClInclude Include="DungeonIn.h">
      <Filter>Object\Npc</Filter>
    </ClInclude>
    <ClInclude Include="Trainning.h">
      <Filter>Map\Town</Filter>
    </ClInclude>
    <ClInclude Include="ShopUI.h">
      <Filter>Object\UI\Shop</Filter>
    </ClInclude>
    <ClInclude Include="FoodUI.h">
      <Filter>Object\UI\FoodShop</Filter>
    </ClInclude>
    <ClInclude Include="MyContentSpriteRenderer.h" />
    <ClInclude Include="FadeEffect.h">
      <Filter>PostEffect</Filter>
    </ClInclude>
    <ClInclude Include="PixelCollision.h">
      <Filter>보류</Filter>
    </ClInclude>
    <ClInclude Include="IntroLevel.h">
      <Filter>Levels</Filter>
    </ClInclude>
    <ClInclude Include="Intro.h">
      <Filter>Object\UI\IntroStart</Filter>
    </ClInclude>
    <ClInclude Include="MapMoveBase.h">
      <Filter>보류</Filter>
    </ClInclude>
    <ClInclude Include="Door.h">
      <Filter>Object\Door</Filter>
    </ClInclude>
    <ClInclude Include="BossDoor_0.h">
      <Filter>Object\Door</Filter>
    </ClInclude>
    <ClInclude Include="BossDoor_1.h">
      <Filter>Object\Door</Filter>
    </ClInclude>
    <ClInclude Include="BossDoor_2.h">
      <Filter>Object\Door</Filter>
    </ClInclude>
    <ClInclude Include="PlayerHPbar.h">
      <Filter>Object\UI\PlayerUI</Filter>
    </ClInclude>
    <ClInclude Include="DashBar.h">
      <Filter>Object\UI\PlayerUI</Filter>
    </ClInclude>
    <ClInclude Include="CoinBar.h">
      <Filter>Object\UI\PlayerUI</Filter>
    </ClInclude>
    <ClInclude Include="FoodBar.h">
      <Filter>Object\UI\PlayerUI</Filter>
    </ClInclude>
    <ClInclude Include="GreatWeapon.h">
      <Filter>Object\Weapon</Filter>
    </ClInclude>
    <ClInclude Include="ShopTextBox.h">
      <Filter>Object\UI\TextBox</Filter>
    </ClInclude>
    <ClInclude Include="BuildTextBox.h">
      <Filter>Object\UI\TextBox</Filter>
    </ClInclude>
    <ClInclude Include="FoodTextBox.h">
      <Filter>Object\UI\TextBox</Filter>
    </ClInclude>
    <ClInclude Include="TrainTextBox.h">
      <Filter>Object\UI\TextBox</Filter>
    </ClInclude>
    <ClInclude Include="UICountBase.h">
      <Filter>보류</Filter>
    </ClInclude>
    <ClInclude Include="AbilityUI.h">
      <Filter>Object\UI\AbilityUI</Filter>
    </ClInclude>
    <ClInclude Include="DashEffect.h">
      <Filter>Object\MainPlayer\Dash</Filter>
    </ClInclude>
    <ClInclude Include="BossSword.h">
      <Filter>Object\Boss\Belial\BossSword</Filter>
    </ClInclude>
    <ClInclude Include="BelialHead.h">
      <Filter>Object\Boss\Belial\Head</Filter>
    </ClInclude>
    <ClInclude Include="BelialHeadSubBG.h">
      <Filter>Object\Boss\Belial\Head\BelialSubBG</Filter>
    </ClInclude>
    <ClInclude Include="BelialBullet.h">
      <Filter>Object\Boss\Belial\BelialBullet\Bullet</Filter>
    </ClInclude>
    <ClInclude Include="BelialBulletBase.h">
      <Filter>Object\Boss\Belial\BelialBullet</Filter>
    </ClInclude>
    <ClInclude Include="BelialHand_L.h">
      <Filter>Object\Boss\Belial\LeftHand</Filter>
    </ClInclude>
    <ClInclude Include="BelialHand_R.h">
      <Filter>Object\Boss\Belial\RightHand</Filter>
    </ClInclude>
    <ClInclude Include="BelialLasor.h">
      <Filter>Object\Boss\Belial\Lasor</Filter>
    </ClInclude>
    <ClInclude Include="BelialLasor_R.h">
      <Filter>Object\Boss\Belial\Lasor</Filter>
    </ClInclude>
    <ClInclude Include="TunakAfterEffect.h">
      <Filter>Object\Boss\Tunak\AfterEffect</Filter>
    </ClInclude>
    <ClInclude Include="Tunak.h">
      <Filter>Object\Boss\Tunak\Tunak</Filter>
    </ClInclude>
    <ClInclude Include="GroundBomb.h">
      <Filter>Object\Boss\Tunak\TunakBullet\GroundBomb</Filter>
    </ClInclude>
    <ClInclude Include="TunakBullet.h">
      <Filter>Object\Boss\Tunak\TunakBullet\TunakBullet</Filter>
    </ClInclude>
    <ClInclude Include="GoblinBomb.h">
      <Filter>Object\Boss\Tunak\TunakBullet\GoblinBomb</Filter>
    </ClInclude>
    <ClInclude Include="TunakDust.h">
      <Filter>Object\Boss\Tunak\AfterEffect\TunakDust</Filter>
    </ClInclude>
    <ClInclude Include="TunakDust_D.h">
      <Filter>Object\Boss\Tunak\AfterEffect\TunakDust</Filter>
    </ClInclude>
    <ClInclude Include="TunakJumpEffect.h">
      <Filter>Object\Boss\Tunak\AfterEffect</Filter>
    </ClInclude>
    <ClInclude Include="TunakWave.h">
      <Filter>Object\Boss\Tunak\TunakBullet\TunakWave</Filter>
    </ClInclude>
    <ClInclude Include="GroundBelt.h">
      <Filter>Object\Boss\SlimeMaker\Belt\GroundBelt</Filter>
    </ClInclude>
    <ClInclude Include="PlatBelt.h">
      <Filter>Object\Boss\SlimeMaker\Belt\PlatBelt</Filter>
    </ClInclude>
  </ItemGroup>
  <ItemGroup>
    <ClCompile Include="ContentsCore.cpp" />
    <ClCompile Include="TitleLevel.cpp">
      <Filter>Levels</Filter>
    </ClCompile>
    <ClCompile Include="PlayLevel.cpp">
      <Filter>Levels</Filter>
    </ClCompile>
    <ClCompile Include="PrecompileHeader.cpp" />
    <ClCompile Include="StartButton.cpp">
      <Filter>Map\Title\ButtonUI</Filter>
    </ClCompile>
    <ClCompile Include="SoundButton.cpp">
      <Filter>Map\Title\ButtonUI</Filter>
    </ClCompile>
    <ClCompile Include="EndButton.cpp">
      <Filter>Map\Title\ButtonUI</Filter>
    </ClCompile>
    <ClCompile Include="Forest.cpp">
      <Filter>Map\Town\BackGround</Filter>
    </ClCompile>
    <ClCompile Include="Mountain.cpp">
      <Filter>Map\Town\BackGround</Filter>
    </ClCompile>
    <ClCompile Include="Sky.cpp">
      <Filter>Map\Town\BackGround</Filter>
    </ClCompile>
    <ClCompile Include="Player.cpp">
      <Filter>Object\MainPlayer</Filter>
    </ClCompile>
    <ClCompile Include="Logo.cpp">
      <Filter>Map\Title\ButtonUI</Filter>
    </ClCompile>
    <ClCompile Include="Stage_1.cpp">
      <Filter>Map\DunGeon\Stage1</Filter>
    </ClCompile>
    <ClCompile Include="Stage_2.cpp">
      <Filter>Map\DunGeon\Stage1</Filter>
    </ClCompile>
    <ClCompile Include="Stage_3.cpp">
      <Filter>Map\DunGeon\Stage1</Filter>
    </ClCompile>
    <ClCompile Include="Stage_4.cpp">
      <Filter>Map\DunGeon\Stage1</Filter>
    </ClCompile>
    <ClCompile Include="BossStage_1.cpp">
      <Filter>Map\DunGeon\Stage1</Filter>
    </ClCompile>
    <ClCompile Include="Stage2_1.cpp">
      <Filter>Map\DunGeon\Stage2</Filter>
    </ClCompile>
    <ClCompile Include="Stage2_Boss.cpp">
      <Filter>Map\DunGeon\Stage2</Filter>
    </ClCompile>
    <ClCompile Include="Stage2_Layout_1.cpp">
      <Filter>Map\DunGeon\Stage2\Stage2BG</Filter>
    </ClCompile>
    <ClCompile Include="Stage2_Layout_2.cpp">
      <Filter>Map\DunGeon\Stage2\Stage2BG</Filter>
    </ClCompile>
    <ClCompile Include="Stage3_1.cpp">
      <Filter>Map\DunGeon\Stage3</Filter>
    </ClCompile>
    <ClCompile Include="Stage3_Boss.cpp">
      <Filter>Map\DunGeon\Stage3</Filter>
    </ClCompile>
    <ClCompile Include="Stage3_BG_1.cpp">
      <Filter>Map\DunGeon\Stage3\Stage3_BG</Filter>
    </ClCompile>
    <ClCompile Include="Stage3_BG_2.cpp">
      <Filter>Map\DunGeon\Stage3\Stage3_BG</Filter>
    </ClCompile>
    <ClCompile Include="Stage3_BG_3.cpp">
      <Filter>Map\DunGeon\Stage3\Stage3_BG</Filter>
    </ClCompile>
    <ClCompile Include="Stage3_BG_4.cpp">
      <Filter>Map\DunGeon\Stage3\Stage3_BG</Filter>
    </ClCompile>
    <ClCompile Include="Stage2_Layout_3.cpp">
      <Filter>Map\DunGeon\Stage2\Stage2BG</Filter>
    </ClCompile>
    <ClCompile Include="Stage2_Layout_4.cpp">
      <Filter>Map\DunGeon\Stage2\Stage2BG</Filter>
    </ClCompile>
    <ClCompile Include="Town.cpp">
      <Filter>Map\Town</Filter>
    </ClCompile>
    <ClCompile Include="BackCloud.cpp">
      <Filter>Map\Title\Cloud</Filter>
    </ClCompile>
    <ClCompile Include="FrontCloud.cpp">
      <Filter>Map\Title\Cloud</Filter>
    </ClCompile>
    <ClCompile Include="MainLogo.cpp">
      <Filter>Map\Title\Cloud</Filter>
    </ClCompile>
    <ClCompile Include="MidCloud.cpp">
      <Filter>Map\Title\Cloud</Filter>
    </ClCompile>
    <ClCompile Include="Bird.cpp">
      <Filter>Map\Title\Bird</Filter>
    </ClCompile>
    <ClCompile Include="PlayStartWindow.cpp">
      <Filter>Map\Title\TitleActor</Filter>
    </ClCompile>
    <ClCompile Include="PlayerStat.cpp">
      <Filter>Object\UI\Stat</Filter>
    </ClCompile>
    <ClCompile Include="MapTabUI.cpp">
      <Filter>Object\UI\MapTab</Filter>
    </ClCompile>
    <ClCompile Include="TitleMouse.cpp">
      <Filter>Object\UI\MouseCusor</Filter>
    </ClCompile>
    <ClCompile Include="PlayMouse.cpp">
      <Filter>Object\UI\MouseCusor</Filter>
    </ClCompile>
    <ClCompile Include="InventoryUI.cpp">
      <Filter>Object\UI\Inventory</Filter>
    </ClCompile>
    <ClCompile Include="ShopNpc.cpp">
      <Filter>Object\Npc</Filter>
    </ClCompile>
    <ClCompile Include="BuilderNpc.cpp">
      <Filter>Object\Npc</Filter>
    </ClCompile>
    <ClCompile Include="CommanderNpc.cpp">
      <Filter>Object\Npc</Filter>
    </ClCompile>
    <ClCompile Include="TempleNpc.cpp">
      <Filter>Object\Npc</Filter>
    </ClCompile>
    <ClCompile Include="DungeonIn.cpp">
      <Filter>Object\Npc</Filter>
    </ClCompile>
    <ClCompile Include="Trainning.cpp">
      <Filter>Map\Town</Filter>
    </ClCompile>
    <ClCompile Include="Player_State.cpp">
      <Filter>Object\MainPlayer</Filter>
    </ClCompile>
    <ClCompile Include="ShopUI.cpp">
      <Filter>Object\UI\Shop</Filter>
    </ClCompile>
    <ClCompile Include="FoodUI.cpp">
      <Filter>Object\UI\FoodShop</Filter>
    </ClCompile>
    <ClCompile Include="MyContentSpriteRenderer.cpp" />
    <ClCompile Include="FadeEffect.cpp">
      <Filter>PostEffect</Filter>
    </ClCompile>
    <ClCompile Include="PixelCollision.cpp">
      <Filter>보류</Filter>
    </ClCompile>
    <ClCompile Include="Contents_Resources.cpp" />
    <ClCompile Include="IntroLevel.cpp">
      <Filter>Levels</Filter>
    </ClCompile>
    <ClCompile Include="Intro.cpp">
      <Filter>Object\UI\IntroStart</Filter>
    </ClCompile>
    <ClCompile Include="MapMoveBase.cpp">
      <Filter>보류</Filter>
    </ClCompile>
    <ClCompile Include="Door.cpp">
      <Filter>Object\Door</Filter>
    </ClCompile>
    <ClCompile Include="BossDoor_0.cpp">
      <Filter>Object\Door</Filter>
    </ClCompile>
    <ClCompile Include="BossDoor_1.cpp">
      <Filter>Object\Door</Filter>
    </ClCompile>
    <ClCompile Include="BossDoor_2.cpp">
      <Filter>Object\Door</Filter>
    </ClCompile>
    <ClCompile Include="PlayerHPbar.cpp">
      <Filter>Object\UI\PlayerUI</Filter>
    </ClCompile>
    <ClCompile Include="DashBar.cpp">
      <Filter>Object\UI\PlayerUI</Filter>
    </ClCompile>
    <ClCompile Include="CoinBar.cpp">
      <Filter>Object\UI\PlayerUI</Filter>
    </ClCompile>
    <ClCompile Include="FoodBar.cpp">
      <Filter>Object\UI\PlayerUI</Filter>
    </ClCompile>
    <ClCompile Include="GreatWeapon.cpp">
      <Filter>Object\Weapon</Filter>
    </ClCompile>
    <ClCompile Include="ShopTextBox.cpp">
      <Filter>Object\UI\TextBox</Filter>
    </ClCompile>
    <ClCompile Include="BuildTextBox.cpp">
      <Filter>Object\UI\TextBox</Filter>
    </ClCompile>
    <ClCompile Include="FoodTextBox.cpp">
      <Filter>Object\UI\TextBox</Filter>
    </ClCompile>
    <ClCompile Include="TrainTextBox.cpp">
      <Filter>Object\UI\TextBox</Filter>
    </ClCompile>
    <ClCompile Include="UICountBase.cpp">
      <Filter>보류</Filter>
    </ClCompile>
    <ClCompile Include="AbilityUI.cpp">
      <Filter>Object\UI\AbilityUI</Filter>
    </ClCompile>
    <ClCompile Include="DashEffect.cpp">
      <Filter>Object\MainPlayer\Dash</Filter>
    </ClCompile>
    <ClCompile Include="BossSword.cpp">
      <Filter>Object\Boss\Belial\BossSword</Filter>
    </ClCompile>
    <ClCompile Include="BossSword_State.cpp">
      <Filter>Object\Boss\Belial\BossSword</Filter>
    </ClCompile>
    <ClCompile Include="BelialHead.cpp">
      <Filter>Object\Boss\Belial\Head</Filter>
    </ClCompile>
    <ClCompile Include="BelialHead_State.cpp">
      <Filter>Object\Boss\Belial\Head</Filter>
    </ClCompile>
    <ClCompile Include="BelialHeadSubBG.cpp">
      <Filter>Object\Boss\Belial\Head\BelialSubBG</Filter>
    </ClCompile>
    <ClCompile Include="BelialBullet.cpp">
      <Filter>Object\Boss\Belial\BelialBullet\Bullet</Filter>
    </ClCompile>
    <ClCompile Include="BelialBulletBase.cpp">
      <Filter>Object\Boss\Belial\BelialBullet</Filter>
    </ClCompile>
    <ClCompile Include="BelialHand_L.cpp">
      <Filter>Object\Boss\Belial\LeftHand</Filter>
    </ClCompile>
    <ClCompile Include="BelialHand_R.cpp">
      <Filter>Object\Boss\Belial\RightHand</Filter>
    </ClCompile>
    <ClCompile Include="BelialHand_L_State.cpp">
      <Filter>Object\Boss\Belial\LeftHand</Filter>
    </ClCompile>
    <ClCompile Include="BelialLasor.cpp">
      <Filter>Object\Boss\Belial\Lasor</Filter>
    </ClCompile>
    <ClCompile Include="BelialHand_R_State.cpp">
      <Filter>Object\Boss\Belial\RightHand</Filter>
    </ClCompile>
    <ClCompile Include="BelialLasor_R.cpp">
      <Filter>Object\Boss\Belial\Lasor</Filter>
    </ClCompile>
    <ClCompile Include="TunakAfterEffect.cpp">
      <Filter>Object\Boss\Tunak\AfterEffect</Filter>
    </ClCompile>
    <ClCompile Include="Tunak.cpp">
      <Filter>Object\Boss\Tunak\Tunak</Filter>
    </ClCompile>
    <ClCompile Include="Tunak_State.cpp">
      <Filter>Object\Boss\Tunak\Tunak</Filter>
    </ClCompile>
    <ClCompile Include="GroundBomb.cpp">
      <Filter>Object\Boss\Tunak\TunakBullet\GroundBomb</Filter>
    </ClCompile>
    <ClCompile Include="TunakBullet.cpp">
      <Filter>Object\Boss\Tunak\TunakBullet\TunakBullet</Filter>
    </ClCompile>
    <ClCompile Include="GoblinBomb.cpp">
      <Filter>Object\Boss\Tunak\TunakBullet\GoblinBomb</Filter>
    </ClCompile>
    <ClCompile Include="TunakDust.cpp">
      <Filter>Object\Boss\Tunak\AfterEffect\TunakDust</Filter>
    </ClCompile>
    <ClCompile Include="TunakDust_D.cpp">
      <Filter>Object\Boss\Tunak\AfterEffect\TunakDust</Filter>
    </ClCompile>
    <ClCompile Include="TunakJumpEffect.cpp">
      <Filter>Object\Boss\Tunak\AfterEffect</Filter>
    </ClCompile>
    <ClCompile Include="TunakWave.cpp">
      <Filter>Object\Boss\Tunak\TunakBullet\TunakWave</Filter>
    </ClCompile>
    <ClCompile Include="GroundBelt.cpp">
      <Filter>Object\Boss\SlimeMaker\Belt\GroundBelt</Filter>
    </ClCompile>
    <ClCompile Include="PlatBelt.cpp">
      <Filter>Object\Boss\SlimeMaker\Belt\PlatBelt</Filter>
    </ClCompile>
  </ItemGroup>
  <ItemGroup>
    <Filter Include="Levels">
      <UniqueIdentifier>{3d17108a-64cc-412c-add8-c9f82f90c9e4}</UniqueIdentifier>
    </Filter>
    <Filter Include="Object">
      <UniqueIdentifier>{df11f953-5c45-4952-85fb-a35bec5d2a60}</UniqueIdentifier>
    </Filter>
    <Filter Include="Object\MainPlayer">
      <UniqueIdentifier>{e24a7f00-5c85-4a52-8e95-fc867e9bb81c}</UniqueIdentifier>
    </Filter>
    <Filter Include="Map">
      <UniqueIdentifier>{7deac199-21a2-4db2-8eac-665a9a6af86b}</UniqueIdentifier>
    </Filter>
    <Filter Include="보류">
      <UniqueIdentifier>{490208eb-ab65-4346-9cc6-47cf5847f56f}</UniqueIdentifier>
    </Filter>
    <Filter Include="Object\Boss">
      <UniqueIdentifier>{3316eae2-a4da-4464-8615-e45e2ae7790c}</UniqueIdentifier>
    </Filter>
    <Filter Include="Object\Monster">
      <UniqueIdentifier>{9a513c87-2f7f-499f-9b87-7a9897238e14}</UniqueIdentifier>
    </Filter>
    <Filter Include="Map\Title">
      <UniqueIdentifier>{c6bec758-f0e5-4192-8d18-ca59c24c02ca}</UniqueIdentifier>
    </Filter>
    <Filter Include="Map\Title\ButtonUI">
      <UniqueIdentifier>{e08ebb49-23ac-4acc-befb-ca67fe667ec1}</UniqueIdentifier>
    </Filter>
    <Filter Include="Map\Town">
      <UniqueIdentifier>{4c306d38-7512-421e-9710-bb04c2bdbc43}</UniqueIdentifier>
    </Filter>
    <Filter Include="Map\Town\BackGround">
      <UniqueIdentifier>{ae7590d5-f428-45e8-a26d-3827633c2f00}</UniqueIdentifier>
    </Filter>
    <Filter Include="Map\DunGeon">
      <UniqueIdentifier>{c3c097dd-dbba-42a2-b12e-92e88fab656a}</UniqueIdentifier>
    </Filter>
    <Filter Include="Map\DunGeon\Stage3">
      <UniqueIdentifier>{6cb2a46a-43f9-4453-949d-a8ac018b0298}</UniqueIdentifier>
    </Filter>
    <Filter Include="Map\DunGeon\Stage3\Stage3_BG">
      <UniqueIdentifier>{d1e14a87-e5bc-4f43-b55c-fed00daeb24e}</UniqueIdentifier>
    </Filter>
    <Filter Include="Map\DunGeon\Stage1">
      <UniqueIdentifier>{047cec08-53de-47e5-bcc7-559552b12155}</UniqueIdentifier>
    </Filter>
    <Filter Include="Map\DunGeon\Stage2">
      <UniqueIdentifier>{73ea495d-5402-4d10-84b0-24d0627cc3c8}</UniqueIdentifier>
    </Filter>
    <Filter Include="Map\DunGeon\Stage2\Stage2BG">
      <UniqueIdentifier>{6d0e5254-a75d-4ed0-a8b7-abe76fbf141d}</UniqueIdentifier>
    </Filter>
    <Filter Include="Map\Title\Cloud">
      <UniqueIdentifier>{7501b04a-5870-4216-ac52-9d8bf2dbc83f}</UniqueIdentifier>
    </Filter>
    <Filter Include="Map\Title\Bird">
      <UniqueIdentifier>{b63d4af0-66ab-4037-ac5d-1e5a86bab558}</UniqueIdentifier>
    </Filter>
    <Filter Include="Map\Title\TitleActor">
      <UniqueIdentifier>{5b9e82aa-332a-4ec6-a0de-80ffb2ec48c2}</UniqueIdentifier>
    </Filter>
    <Filter Include="Object\UI">
      <UniqueIdentifier>{34bba71b-7c24-485d-a009-a6d7877dec3f}</UniqueIdentifier>
    </Filter>
    <Filter Include="Object\UI\Stat">
      <UniqueIdentifier>{f34619f5-98be-4983-8af1-bce01329aaef}</UniqueIdentifier>
    </Filter>
    <Filter Include="Object\UI\MapTab">
      <UniqueIdentifier>{aeecd136-843f-4c51-ab9b-49f7660fb0a0}</UniqueIdentifier>
    </Filter>
    <Filter Include="Object\UI\MouseCusor">
      <UniqueIdentifier>{55cbac6b-60c9-433b-bdfa-55767c6a46a5}</UniqueIdentifier>
    </Filter>
    <Filter Include="Object\UI\Inventory">
      <UniqueIdentifier>{b42d6347-4a8d-4451-a29c-d17ac09b2a5b}</UniqueIdentifier>
    </Filter>
    <Filter Include="Object\Npc">
      <UniqueIdentifier>{e52349ee-9c2d-4021-bfd8-82de640b24f7}</UniqueIdentifier>
    </Filter>
    <Filter Include="Object\UI\Shop">
      <UniqueIdentifier>{64d715c6-54d5-421f-bddc-950e14e184d6}</UniqueIdentifier>
    </Filter>
    <Filter Include="Object\UI\FoodShop">
      <UniqueIdentifier>{233f1f1e-6b9d-4751-9a07-f6fbf79fa0ad}</UniqueIdentifier>
    </Filter>
    <Filter Include="PostEffect">
      <UniqueIdentifier>{3a9a6c3b-5e70-4b9f-873c-863c245b24a3}</UniqueIdentifier>
    </Filter>
    <Filter Include="Object\UI\IntroStart">
      <UniqueIdentifier>{8fcc2338-2e04-4105-880a-60e129d21896}</UniqueIdentifier>
    </Filter>
    <Filter Include="Object\UI\PlayerUI">
      <UniqueIdentifier>{f5a55213-92ee-4459-9d18-aea5dfe71012}</UniqueIdentifier>
    </Filter>
    <Filter Include="Object\Door">
      <UniqueIdentifier>{0b8cd44d-7f2e-4ab0-93ae-0c8b926264e0}</UniqueIdentifier>
    </Filter>
    <Filter Include="Object\Weapon">
      <UniqueIdentifier>{d597e010-9c10-47ae-9f30-09a5d291e32b}</UniqueIdentifier>
    </Filter>
    <Filter Include="Object\UI\TextBox">
      <UniqueIdentifier>{14cdba1f-9a71-406a-b55b-60b768e6e183}</UniqueIdentifier>
    </Filter>
    <Filter Include="Object\UI\TextBox\Select">
      <UniqueIdentifier>{10ea4867-c7f7-4e03-83e1-064cf0f2008b}</UniqueIdentifier>
    </Filter>
    <Filter Include="Object\UI\AbilityUI">
      <UniqueIdentifier>{9edff23f-c8f6-4da9-90ba-6eb1372a0baa}</UniqueIdentifier>
    </Filter>
    <Filter Include="Object\MainPlayer\Dash">
      <UniqueIdentifier>{c4ae3f4a-74f6-4581-ba58-11a3ff2b6dc4}</UniqueIdentifier>
    </Filter>
    <Filter Include="Object\Boss\Belial">
      <UniqueIdentifier>{3e91dcbf-1ab5-4811-b0a1-24339db372ee}</UniqueIdentifier>
    </Filter>
    <Filter Include="Object\Boss\Belial\Head">
      <UniqueIdentifier>{1ed8c774-b398-4841-8da9-6ddebd6baf4b}</UniqueIdentifier>
    </Filter>
    <Filter Include="Object\Boss\Belial\RightHand">
      <UniqueIdentifier>{60e65e8a-5a95-4a90-93f4-6d0bfe1e6d95}</UniqueIdentifier>
    </Filter>
    <Filter Include="Object\Boss\Belial\LeftHand">
      <UniqueIdentifier>{0b08d2e9-062d-4476-915a-46de66f6bf37}</UniqueIdentifier>
    </Filter>
    <Filter Include="Object\Boss\Belial\Lasor">
      <UniqueIdentifier>{3c32541e-eb93-4f7c-9b5e-003a5245704e}</UniqueIdentifier>
    </Filter>
    <Filter Include="Object\Boss\Belial\BossSword">
      <UniqueIdentifier>{cc67f630-d1c7-4ecb-b6e6-fe9ecbbc526e}</UniqueIdentifier>
    </Filter>
    <Filter Include="Object\Boss\Belial\BelialBullet">
      <UniqueIdentifier>{5062f9ec-5210-4f54-9112-2187738b5398}</UniqueIdentifier>
    </Filter>
    <Filter Include="Object\Boss\Belial\Head\BelialSubBG">
      <UniqueIdentifier>{b793653b-e455-4f67-8282-922d15512a0b}</UniqueIdentifier>
    </Filter>
    <Filter Include="Object\Boss\Belial\BelialBullet\Bullet">
      <UniqueIdentifier>{375287bd-f16e-4929-8339-a5310446c4c8}</UniqueIdentifier>
    </Filter>
    <Filter Include="Object\Boss\Tunak">
      <UniqueIdentifier>{496be09e-e918-44b2-9583-1185d2b3c29d}</UniqueIdentifier>
    </Filter>
    <Filter Include="Object\Boss\Tunak\AfterEffect">
      <UniqueIdentifier>{dfee8960-6c50-4cc2-a98e-f4d375e9fe09}</UniqueIdentifier>
    </Filter>
    <Filter Include="Object\Boss\Tunak\Tunak">
      <UniqueIdentifier>{1f2ab131-70a2-4979-86e3-a45587f5279b}</UniqueIdentifier>
    </Filter>
    <Filter Include="Object\Boss\Tunak\TunakBullet">
      <UniqueIdentifier>{4fd96881-1f89-4b90-ab51-dfed87d3c4cb}</UniqueIdentifier>
    </Filter>
    <Filter Include="Object\Boss\Tunak\TunakBullet\GroundBomb">
      <UniqueIdentifier>{5fd20474-4ffb-42fa-bb0a-767f9b80d38b}</UniqueIdentifier>
    </Filter>
    <Filter Include="Object\Boss\Tunak\TunakBullet\TunakBullet">
      <UniqueIdentifier>{1be53176-277d-46e8-baa0-38f22dab52b6}</UniqueIdentifier>
    </Filter>
    <Filter Include="Object\Boss\Tunak\TunakBullet\GoblinBomb">
      <UniqueIdentifier>{9dd37a43-8ded-419d-8e62-6d023474af75}</UniqueIdentifier>
    </Filter>
    <Filter Include="Object\Boss\Tunak\AfterEffect\TunakDust">
      <UniqueIdentifier>{965955a7-3d1b-4bc3-a3ee-53d2ea0fcc80}</UniqueIdentifier>
    </Filter>
    <Filter Include="Object\Boss\Tunak\TunakBullet\TunakWave">
      <UniqueIdentifier>{3404c59c-3d9c-4554-8982-134a9a7df68d}</UniqueIdentifier>
    </Filter>
    <Filter Include="Object\Boss\SlimeMaker">
      <UniqueIdentifier>{eae584ce-a368-44db-a9ba-2b42bcc832e4}</UniqueIdentifier>
    </Filter>
    <Filter Include="Object\Boss\SlimeMaker\Belt">
      <UniqueIdentifier>{1e7c05bc-ea71-40b8-bd14-427a058e9c70}</UniqueIdentifier>
    </Filter>
    <Filter Include="Object\Boss\SlimeMaker\Slime">
      <UniqueIdentifier>{33bb09ac-de7b-42a7-ae31-243c96242c9a}</UniqueIdentifier>
    </Filter>
    <Filter Include="Object\Boss\SlimeMaker\Belt\PlatBelt">
      <UniqueIdentifier>{876b50f4-9ae0-46fd-ae3c-dac078ed44c0}</UniqueIdentifier>
    </Filter>
    <Filter Include="Object\Boss\SlimeMaker\Belt\GroundBelt">
      <UniqueIdentifier>{9d446436-17be-4052-a38d-24c9fc312ec4}</UniqueIdentifier>
    </Filter>
  </ItemGroup>
</Project>